
Microsoft Visual Studio Solution File, Format Version 12.00
# Visual Studio 15
VisualStudioVersion = 15.0.26228.4
MinimumVisualStudioVersion = 10.0.40219.1
Project("{8BC9CEB8-8B4A-11D0-8D11-00A0C91BC942}") = "briskc", "briskc\briskc.vcxproj", "{07095932-37F5-487E-8E1A-4EAA9EF35EE7}"
EndProject
Project("{2150E333-8FDC-42A3-9474-1A3956D46DE8}") = "git", "git", "{B7562AD0-8F3D-43F4-B064-443B1733866D}"
	ProjectSection(SolutionItems) = preProject
		..\.gitattributes = ..\.gitattributes
		..\.gitignore = ..\.gitignore
	EndProjectSection
EndProject
Project("{8BC9CEB8-8B4A-11D0-8D11-00A0C91BC942}") = "common", "common\common.vcxproj", "{4F22E20E-826B-4579-9957-673FB5820D95}"
EndProject
Project("{2150E333-8FDC-42A3-9474-1A3956D46DE8}") = "test_files", "test_files", "{87C31077-AC75-4BEF-A59B-E5E9BD5E36AC}"
	ProjectSection(SolutionItems) = preProject
		test_files\test_utf8.br = test_files\test_utf8.br
	EndProjectSection
EndProject
Project("{2150E333-8FDC-42A3-9474-1A3956D46DE8}") = "misc", "misc", "{5EA75129-3FB7-4585-AFB9-E3DB35F8907D}"
	ProjectSection(SolutionItems) = preProject
		..\README.md = ..\README.md
	EndProjectSection
EndProject
Global
	GlobalSection(SolutionConfigurationPlatforms) = preSolution
		Debug|x64 = Debug|x64
		Debug|x86 = Debug|x86
		Release|x64 = Release|x64
		Release|x86 = Release|x86
	EndGlobalSection
	GlobalSection(ProjectConfigurationPlatforms) = postSolution
		{07095932-37F5-487E-8E1A-4EAA9EF35EE7}.Debug|x64.ActiveCfg = Debug|x64
		{07095932-37F5-487E-8E1A-4EAA9EF35EE7}.Debug|x64.Build.0 = Debug|x64
		{07095932-37F5-487E-8E1A-4EAA9EF35EE7}.Debug|x86.ActiveCfg = Debug|Win32
		{07095932-37F5-487E-8E1A-4EAA9EF35EE7}.Debug|x86.Build.0 = Debug|Win32
		{07095932-37F5-487E-8E1A-4EAA9EF35EE7}.Release|x64.ActiveCfg = Release|x64
		{07095932-37F5-487E-8E1A-4EAA9EF35EE7}.Release|x64.Build.0 = Release|x64
		{07095932-37F5-487E-8E1A-4EAA9EF35EE7}.Release|x86.ActiveCfg = Release|Win32
		{07095932-37F5-487E-8E1A-4EAA9EF35EE7}.Release|x86.Build.0 = Release|Win32
		{4F22E20E-826B-4579-9957-673FB5820D95}.Debug|x64.ActiveCfg = Debug|x64
		{4F22E20E-826B-4579-9957-673FB5820D95}.Debug|x64.Build.0 = Debug|x64
		{4F22E20E-826B-4579-9957-673FB5820D95}.Debug|x86.ActiveCfg = Debug|Win32
		{4F22E20E-826B-4579-9957-673FB5820D95}.Debug|x86.Build.0 = Debug|Win32
		{4F22E20E-826B-4579-9957-673FB5820D95}.Release|x64.ActiveCfg = Release|x64
		{4F22E20E-826B-4579-9957-673FB5820D95}.Release|x64.Build.0 = Release|x64
		{4F22E20E-826B-4579-9957-673FB5820D95}.Release|x86.ActiveCfg = Release|Win32
		{4F22E20E-826B-4579-9957-673FB5820D95}.Release|x86.Build.0 = Release|Win32
	EndGlobalSection
	GlobalSection(SolutionProperties) = preSolution
		HideSolutionNode = FALSE
	EndGlobalSection
EndGlobal
